
Microsoft Visual Studio Solution File, Format Version 12.00
# Visual Studio Version 17
VisualStudioVersion = 17.2.32630.192
MinimumVisualStudioVersion = 10.0.40219.1
Project("{FAE04EC0-301F-11D3-BF4B-00C04F79EFBC}") = "1.ClassBoxData", "1.ClassBoxData\1.ClassBoxData.csproj", "{8ED48C32-92F9-4AEE-ACD0-B39FCFCCBB64}"
EndProject
Global
	GlobalSection(SolutionConfigurationPlatforms) = preSolution
		Debug|Any CPU = Debug|Any CPU
		Release|Any CPU = Release|Any CPU
	EndGlobalSection
	GlobalSection(ProjectConfigurationPlatforms) = postSolution
		{8ED48C32-92F9-4AEE-ACD0-B39FCFCCBB64}.Debug|Any CPU.ActiveCfg = Debug|Any CPU
		{8ED48C32-92F9-4AEE-ACD0-B39FCFCCBB64}.Debug|Any CPU.Build.0 = Debug|Any CPU
		{8ED48C32-92F9-4AEE-ACD0-B39FCFCCBB64}.Release|Any CPU.ActiveCfg = Release|Any CPU
		{8ED48C32-92F9-4AEE-ACD0-B39FCFCCBB64}.Release|Any CPU.Build.0 = Release|Any CPU
	EndGlobalSection
	GlobalSection(SolutionProperties) = preSolution
		HideSolutionNode = FALSE
	EndGlobalSection
	GlobalSection(ExtensibilityGlobals) = postSolution
		SolutionGuid = {0572888A-2D79-41CC-BF47-56DDA92FDA75}
	EndGlobalSection
EndGlobal
