
Microsoft Visual Studio Solution File, Format Version 12.00
# Visual Studio Version 17
VisualStudioVersion = 17.2.32630.192
MinimumVisualStudioVersion = 10.0.40219.1
Project("{FAE04EC0-301F-11D3-BF4B-00C04F79EFBC}") = "8.CarSalesman", "8.CarSalesman\8.CarSalesman.csproj", "{1982A24A-C68B-4342-9A76-D8C8344B35A6}"
EndProject
Global
	GlobalSection(SolutionConfigurationPlatforms) = preSolution
		Debug|Any CPU = Debug|Any CPU
		Release|Any CPU = Release|Any CPU
	EndGlobalSection
	GlobalSection(ProjectConfigurationPlatforms) = postSolution
		{1982A24A-C68B-4342-9A76-D8C8344B35A6}.Debug|Any CPU.ActiveCfg = Debug|Any CPU
		{1982A24A-C68B-4342-9A76-D8C8344B35A6}.Debug|Any CPU.Build.0 = Debug|Any CPU
		{1982A24A-C68B-4342-9A76-D8C8344B35A6}.Release|Any CPU.ActiveCfg = Release|Any CPU
		{1982A24A-C68B-4342-9A76-D8C8344B35A6}.Release|Any CPU.Build.0 = Release|Any CPU
	EndGlobalSection
	GlobalSection(SolutionProperties) = preSolution
		HideSolutionNode = FALSE
	EndGlobalSection
	GlobalSection(ExtensibilityGlobals) = postSolution
		SolutionGuid = {440B3AD4-BEF1-45EB-96B1-2899E81D1534}
	EndGlobalSection
EndGlobal
