
Microsoft Visual Studio Solution File, Format Version 12.00
# Visual Studio Version 17
VisualStudioVersion = 17.2.32630.192
MinimumVisualStudioVersion = 10.0.40219.1
Project("{FAE04EC0-301F-11D3-BF4B-00C04F79EFBC}") = "3.OldestFamilyMember", "3. Oldest Family Member\3.OldestFamilyMember.csproj", "{3272B7B7-D1CB-4DD7-B814-787E9CF4DC96}"
EndProject
Global
	GlobalSection(SolutionConfigurationPlatforms) = preSolution
		Debug|Any CPU = Debug|Any CPU
		Release|Any CPU = Release|Any CPU
	EndGlobalSection
	GlobalSection(ProjectConfigurationPlatforms) = postSolution
		{3272B7B7-D1CB-4DD7-B814-787E9CF4DC96}.Debug|Any CPU.ActiveCfg = Debug|Any CPU
		{3272B7B7-D1CB-4DD7-B814-787E9CF4DC96}.Debug|Any CPU.Build.0 = Debug|Any CPU
		{3272B7B7-D1CB-4DD7-B814-787E9CF4DC96}.Release|Any CPU.ActiveCfg = Release|Any CPU
		{3272B7B7-D1CB-4DD7-B814-787E9CF4DC96}.Release|Any CPU.Build.0 = Release|Any CPU
	EndGlobalSection
	GlobalSection(SolutionProperties) = preSolution
		HideSolutionNode = FALSE
	EndGlobalSection
	GlobalSection(ExtensibilityGlobals) = postSolution
		SolutionGuid = {580269FF-C960-41EE-8080-2274B39ACA29}
	EndGlobalSection
EndGlobal
