
Microsoft Visual Studio Solution File, Format Version 12.00
# Visual Studio Version 17
VisualStudioVersion = 17.2.32630.192
MinimumVisualStudioVersion = 10.0.40219.1
Project("{FAE04EC0-301F-11D3-BF4B-00C04F79EFBC}") = "Telephony", "Telephony\Telephony.csproj", "{9C37C315-9C03-42BC-B203-205DB8CDB7E9}"
EndProject
Global
	GlobalSection(SolutionConfigurationPlatforms) = preSolution
		Debug|Any CPU = Debug|Any CPU
		Release|Any CPU = Release|Any CPU
	EndGlobalSection
	GlobalSection(ProjectConfigurationPlatforms) = postSolution
		{9C37C315-9C03-42BC-B203-205DB8CDB7E9}.Debug|Any CPU.ActiveCfg = Debug|Any CPU
		{9C37C315-9C03-42BC-B203-205DB8CDB7E9}.Debug|Any CPU.Build.0 = Debug|Any CPU
		{9C37C315-9C03-42BC-B203-205DB8CDB7E9}.Release|Any CPU.ActiveCfg = Release|Any CPU
		{9C37C315-9C03-42BC-B203-205DB8CDB7E9}.Release|Any CPU.Build.0 = Release|Any CPU
	EndGlobalSection
	GlobalSection(SolutionProperties) = preSolution
		HideSolutionNode = FALSE
	EndGlobalSection
	GlobalSection(ExtensibilityGlobals) = postSolution
		SolutionGuid = {CC5EC67D-A44A-43DE-A74D-B3CBA7F1D296}
	EndGlobalSection
EndGlobal
