
Microsoft Visual Studio Solution File, Format Version 12.00
# Visual Studio Version 17
VisualStudioVersion = 17.2.32630.192
MinimumVisualStudioVersion = 10.0.40219.1
Project("{FAE04EC0-301F-11D3-BF4B-00C04F79EFBC}") = "4.NeedforSpeed", "4. Need for Speed\4.NeedforSpeed.csproj", "{6C707964-9D69-46EF-A58A-E925E12A4EFB}"
EndProject
Global
	GlobalSection(SolutionConfigurationPlatforms) = preSolution
		Debug|Any CPU = Debug|Any CPU
		Release|Any CPU = Release|Any CPU
	EndGlobalSection
	GlobalSection(ProjectConfigurationPlatforms) = postSolution
		{6C707964-9D69-46EF-A58A-E925E12A4EFB}.Debug|Any CPU.ActiveCfg = Debug|Any CPU
		{6C707964-9D69-46EF-A58A-E925E12A4EFB}.Debug|Any CPU.Build.0 = Debug|Any CPU
		{6C707964-9D69-46EF-A58A-E925E12A4EFB}.Release|Any CPU.ActiveCfg = Release|Any CPU
		{6C707964-9D69-46EF-A58A-E925E12A4EFB}.Release|Any CPU.Build.0 = Release|Any CPU
	EndGlobalSection
	GlobalSection(SolutionProperties) = preSolution
		HideSolutionNode = FALSE
	EndGlobalSection
	GlobalSection(ExtensibilityGlobals) = postSolution
		SolutionGuid = {0CE2CFEC-5918-4081-B5E2-507D32D4A6B2}
	EndGlobalSection
EndGlobal
