
Microsoft Visual Studio Solution File, Format Version 12.00
# Visual Studio Version 17
VisualStudioVersion = 17.2.32630.192
MinimumVisualStudioVersion = 10.0.40219.1
Project("{FAE04EC0-301F-11D3-BF4B-00C04F79EFBC}") = "2.SalaryIncrease", "2.SalaryIncrease\2.SalaryIncrease.csproj", "{45A041CC-0EED-41F5-97DE-8F12C3384564}"
EndProject
Global
	GlobalSection(SolutionConfigurationPlatforms) = preSolution
		Debug|Any CPU = Debug|Any CPU
		Release|Any CPU = Release|Any CPU
	EndGlobalSection
	GlobalSection(ProjectConfigurationPlatforms) = postSolution
		{45A041CC-0EED-41F5-97DE-8F12C3384564}.Debug|Any CPU.ActiveCfg = Debug|Any CPU
		{45A041CC-0EED-41F5-97DE-8F12C3384564}.Debug|Any CPU.Build.0 = Debug|Any CPU
		{45A041CC-0EED-41F5-97DE-8F12C3384564}.Release|Any CPU.ActiveCfg = Release|Any CPU
		{45A041CC-0EED-41F5-97DE-8F12C3384564}.Release|Any CPU.Build.0 = Release|Any CPU
	EndGlobalSection
	GlobalSection(SolutionProperties) = preSolution
		HideSolutionNode = FALSE
	EndGlobalSection
	GlobalSection(ExtensibilityGlobals) = postSolution
		SolutionGuid = {188D5AC4-CE68-4991-91F8-2AB4D49F9665}
	EndGlobalSection
EndGlobal
